
Microsoft Visual Studio Solution File, Format Version 12.00
# Visual Studio Version 16
VisualStudioVersion = 16.0.30717.126
MinimumVisualStudioVersion = 10.0.40219.1
Project("{9A19103F-16F7-4668-BE54-9A1E7A4F7556}") = "JCarrollOnlineV3", "JCarrollOnlineV3\JCarrollOnlineV3.csproj", "{CAB4B433-2285-4192-B7F0-C8D96C1331DF}"
EndProject
Global
	GlobalSection(SolutionConfigurationPlatforms) = preSolution
		Debug|Any CPU = Debug|Any CPU
		Release|Any CPU = Release|Any CPU
	EndGlobalSection
	GlobalSection(ProjectConfigurationPlatforms) = postSolution
		{CAB4B433-2285-4192-B7F0-C8D96C1331DF}.Debug|Any CPU.ActiveCfg = Debug|Any CPU
		{CAB4B433-2285-4192-B7F0-C8D96C1331DF}.Debug|Any CPU.Build.0 = Debug|Any CPU
		{CAB4B433-2285-4192-B7F0-C8D96C1331DF}.Release|Any CPU.ActiveCfg = Release|Any CPU
		{CAB4B433-2285-4192-B7F0-C8D96C1331DF}.Release|Any CPU.Build.0 = Release|Any CPU
	EndGlobalSection
	GlobalSection(SolutionProperties) = preSolution
		HideSolutionNode = FALSE
	EndGlobalSection
	GlobalSection(ExtensibilityGlobals) = postSolution
		SolutionGuid = {85DCC0CD-4DF1-45BE-9CD8-0333490C1CFB}
	EndGlobalSection
EndGlobal
