
Microsoft Visual Studio Solution File, Format Version 12.00
# Visual Studio Version 16
VisualStudioVersion = 16.0.30406.217
MinimumVisualStudioVersion = 10.0.40219.1
Project("{FAE04EC0-301F-11D3-BF4B-00C04F79EFBC}") = "JCarrollOnlineV3", "JCarrollOnlineV3\JCarrollOnlineV3.csproj", "{9693BE18-8563-4C6B-A59C-100B004731A4}"
EndProject
Global
	GlobalSection(SolutionConfigurationPlatforms) = preSolution
		Debug|Any CPU = Debug|Any CPU
		Release|Any CPU = Release|Any CPU
	EndGlobalSection
	GlobalSection(ProjectConfigurationPlatforms) = postSolution
		{9693BE18-8563-4C6B-A59C-100B004731A4}.Debug|Any CPU.ActiveCfg = Debug|Any CPU
		{9693BE18-8563-4C6B-A59C-100B004731A4}.Debug|Any CPU.Build.0 = Debug|Any CPU
		{9693BE18-8563-4C6B-A59C-100B004731A4}.Release|Any CPU.ActiveCfg = Release|Any CPU
		{9693BE18-8563-4C6B-A59C-100B004731A4}.Release|Any CPU.Build.0 = Release|Any CPU
	EndGlobalSection
	GlobalSection(SolutionProperties) = preSolution
		HideSolutionNode = FALSE
	EndGlobalSection
	GlobalSection(ExtensibilityGlobals) = postSolution
		SolutionGuid = {ADA6CE10-E057-4397-8107-769266535406}
	EndGlobalSection
EndGlobal
